
Microsoft Visual Studio Solution File, Format Version 12.00
# Visual Studio Version 17
VisualStudioVersion = 17.6.33829.357
MinimumVisualStudioVersion = 10.0.40219.1
Project("{FAE04EC0-301F-11D3-BF4B-00C04F79EFBC}") = "MadSkills", "MadSkills.csproj", "{B8D85052-64D2-4433-86EF-289703CE0F40}"
EndProject
Global
	GlobalSection(SolutionConfigurationPlatforms) = preSolution
		Debug|Any CPU = Debug|Any CPU
		Release|Any CPU = Release|Any CPU
	EndGlobalSection
	GlobalSection(ProjectConfigurationPlatforms) = postSolution
		{B8D85052-64D2-4433-86EF-289703CE0F40}.Debug|Any CPU.ActiveCfg = Debug|Any CPU
		{B8D85052-64D2-4433-86EF-289703CE0F40}.Debug|Any CPU.Build.0 = Debug|Any CPU
		{B8D85052-64D2-4433-86EF-289703CE0F40}.Release|Any CPU.ActiveCfg = Release|Any CPU
		{B8D85052-64D2-4433-86EF-289703CE0F40}.Release|Any CPU.Build.0 = Release|Any CPU
	EndGlobalSection
	GlobalSection(SolutionProperties) = preSolution
		HideSolutionNode = FALSE
	EndGlobalSection
	GlobalSection(ExtensibilityGlobals) = postSolution
		SolutionGuid = {C2ABAFF4-DF52-4E95-A0CD-332FB5D24A2D}
	EndGlobalSection
EndGlobal
